
Microsoft Visual Studio Solution File, Format Version 12.00
# Visual Studio Version 16
VisualStudioVersion = 16.0.31911.196
MinimumVisualStudioVersion = 10.0.40219.1
Project("{9A19103F-16F7-4668-BE54-9A1E7A4F7556}") = "WebProje2", "WebProje2\WebProje2.csproj", "{AC30C74B-4C74-40A6-A095-6A3859E689D9}"
EndProject
Global
	GlobalSection(SolutionConfigurationPlatforms) = preSolution
		Debug|Any CPU = Debug|Any CPU
		Release|Any CPU = Release|Any CPU
	EndGlobalSection
	GlobalSection(ProjectConfigurationPlatforms) = postSolution
		{AC30C74B-4C74-40A6-A095-6A3859E689D9}.Debug|Any CPU.ActiveCfg = Debug|Any CPU
		{AC30C74B-4C74-40A6-A095-6A3859E689D9}.Debug|Any CPU.Build.0 = Debug|Any CPU
		{AC30C74B-4C74-40A6-A095-6A3859E689D9}.Release|Any CPU.ActiveCfg = Release|Any CPU
		{AC30C74B-4C74-40A6-A095-6A3859E689D9}.Release|Any CPU.Build.0 = Release|Any CPU
	EndGlobalSection
	GlobalSection(SolutionProperties) = preSolution
		HideSolutionNode = FALSE
	EndGlobalSection
	GlobalSection(ExtensibilityGlobals) = postSolution
		SolutionGuid = {571D1295-E98B-4D72-95BC-33C1AE2D6077}
	EndGlobalSection
EndGlobal
